
Microsoft Visual Studio Solution File, Format Version 12.00
# Visual Studio Version 17
VisualStudioVersion = 17.14.36109.1
MinimumVisualStudioVersion = 10.0.40219.1
Project("{8BC9CEB8-8B4A-11D0-8D11-00A0C91BC942}") = "Hitomoji", "Hitomoji\Hitomoji.vcxproj", "{1674FB89-6DD6-47E1-94BD-9CF23F8DF8C9}"
EndProject
Project("{8BC9CEB8-8B4A-11D0-8D11-00A0C91BC942}") = "registerApp", "registerApp\registerApp.vcxproj", "{B3B4D293-FA28-4B35-80D5-B232B0E953DD}"
EndProject
Global
	GlobalSection(SolutionConfigurationPlatforms) = preSolution
		Debug|x64 = Debug|x64
		Debug|x86 = Debug|x86
		Release|x64 = Release|x64
		Release|x86 = Release|x86
	EndGlobalSection
	GlobalSection(ProjectConfigurationPlatforms) = postSolution
		{1674FB89-6DD6-47E1-94BD-9CF23F8DF8C9}.Debug|x64.ActiveCfg = Debug|x64
		{1674FB89-6DD6-47E1-94BD-9CF23F8DF8C9}.Debug|x64.Build.0 = Debug|x64
		{1674FB89-6DD6-47E1-94BD-9CF23F8DF8C9}.Debug|x86.ActiveCfg = Debug|Win32
		{1674FB89-6DD6-47E1-94BD-9CF23F8DF8C9}.Debug|x86.Build.0 = Debug|Win32
		{1674FB89-6DD6-47E1-94BD-9CF23F8DF8C9}.Release|x64.ActiveCfg = Release|x64
		{1674FB89-6DD6-47E1-94BD-9CF23F8DF8C9}.Release|x64.Build.0 = Release|x64
		{1674FB89-6DD6-47E1-94BD-9CF23F8DF8C9}.Release|x86.ActiveCfg = Release|Win32
		{1674FB89-6DD6-47E1-94BD-9CF23F8DF8C9}.Release|x86.Build.0 = Release|Win32
		{B3B4D293-FA28-4B35-80D5-B232B0E953DD}.Debug|x64.ActiveCfg = Debug|x64
		{B3B4D293-FA28-4B35-80D5-B232B0E953DD}.Debug|x64.Build.0 = Debug|x64
		{B3B4D293-FA28-4B35-80D5-B232B0E953DD}.Debug|x86.ActiveCfg = Debug|Win32
		{B3B4D293-FA28-4B35-80D5-B232B0E953DD}.Debug|x86.Build.0 = Debug|Win32
		{B3B4D293-FA28-4B35-80D5-B232B0E953DD}.Release|x64.ActiveCfg = Release|x64
		{B3B4D293-FA28-4B35-80D5-B232B0E953DD}.Release|x64.Build.0 = Release|x64
		{B3B4D293-FA28-4B35-80D5-B232B0E953DD}.Release|x86.ActiveCfg = Release|Win32
		{B3B4D293-FA28-4B35-80D5-B232B0E953DD}.Release|x86.Build.0 = Release|Win32
	EndGlobalSection
	GlobalSection(SolutionProperties) = preSolution
		HideSolutionNode = FALSE
	EndGlobalSection
	GlobalSection(ExtensibilityGlobals) = postSolution
		SolutionGuid = {D96F88E2-452B-415A-A33F-F18B54311258}
	EndGlobalSection
EndGlobal
